{
  "name": "lognetpipe",
  "version": "0.0.1",
  "lockfileVersion": 1,
  "requires": true,
  "dependencies": {
    "corascript": {
      "version": "0.0.2",
      "resolved": "https://registry.npmjs.org/corascript/-/corascript-0.0.2.tgz",
      "integrity": "sha512-Oc9ZChq2yNZqTN0s2lYM+RfY3yg76D/dWcxk5dCvwsjuMvkvF72s1N8PQXzjD+gyGzOijBmqxJchHlAW90ksbg=="
    }
  }
}
